// !$*UTF8*$!
{
  archiveVersion = 1;
  classes = {};
  objectVersion = 77;
  objects = {
		0224014AC3B894A20BCB2673 /* HostEndpoint.swift in Sources */ = {isa = PBXBuildFile; fileRef = 82820A094B73B5239F4F5C6F /* HostEndpoint.swift */; };
		02276D32D963C65B91F84E38 /* Assets.xcassets in Resources */ = {isa = PBXBuildFile; fileRef = 0DB7571B8334F5E7680A9B20 /* Assets.xcassets */; };
		065E0416F6D1E33EFDFB4E25 /* RootView.swift in Sources */ = {isa = PBXBuildFile; fileRef = BE56A1032EA2BF2DCF72F321 /* RootView.swift */; };
		0676B508055EC12E4BE2E829 /* TouchInputAdapter.swift in Sources */ = {isa = PBXBuildFile; fileRef = D4CF4EEFA619027CF8209EA4 /* TouchInputAdapter.swift */; };
		06BACFE0B8BDEBFAAE8A21D6 /* ContinuityPolicy.swift in Sources */ = {isa = PBXBuildFile; fileRef = 8557773DAB04C6CEEF7128A6 /* ContinuityPolicy.swift */; };
		06CCC38B37617EDA5BA4B103 /* Models.swift in Sources */ = {isa = PBXBuildFile; fileRef = E750CEB84733E203CA3E6E48 /* Models.swift */; };
		09930649637843C32301218C /* PlatformLifecycle.swift in Sources */ = {isa = PBXBuildFile; fileRef = F15909A82EFCA49A5EF857B8 /* PlatformLifecycle.swift */; };
		0A0690E476FD5EEC1BD002B5 /* InputEvents.swift */ = {isa = PBXFileReference; lastKnownFileType = sourcecode.swift; path = "Sources/LuneXInput/InputEvents.swift"; sourceTree = "<group>"; };
		0A36B4A91F07644BB31E7A68 /* HostDiscovery.swift in Sources */ = {isa = PBXBuildFile; fileRef = E90B7F5F3E4136E717E7C010 /* HostDiscovery.swift */; };
		0AAED94A904742324D2F3981 /* AppModel.swift in Sources */ = {isa = PBXBuildFile; fileRef = 5A52A473DF63B8343293FC7A /* AppModel.swift */; };
		0ADAD842F2EBCFCA61D2975A /* RootView.swift in Sources */ = {isa = PBXBuildFile; fileRef = BE56A1032EA2BF2DCF72F321 /* RootView.swift */; };
		0B15ADEDB630B72B33FFF9EE /* SessionState.swift in Sources */ = {isa = PBXBuildFile; fileRef = F6B08151BEDFF41608DB8852 /* SessionState.swift */; };
		0B2A80D1BEBAA8E701467FE0 /* AppSettings.swift in Sources */ = {isa = PBXBuildFile; fileRef = 1F7F3BA9FD46B52A82C6F343 /* AppSettings.swift */; };
		0B83E9551506F87EFADDE2E6 /* DisplayHeadroom.swift in Sources */ = {isa = PBXBuildFile; fileRef = 863690481A7841758650A20A /* DisplayHeadroom.swift */; };
		0C07A99EEEE4CCEE19CE4FB2 /* AppCatalog.swift in Sources */ = {isa = PBXBuildFile; fileRef = CB0F6C5CB6DF2843C71283CB /* AppCatalog.swift */; };
		0DB7571B8334F5E7680A9B20 /* Assets.xcassets */ = {isa = PBXFileReference; lastKnownFileType = folder.assetcatalog; path = "Resources/Assets.xcassets"; sourceTree = "<group>"; };
		0FB80636A33C8E3652C352C5 /* LuneXApp.swift in Sources */ = {isa = PBXBuildFile; fileRef = 77FE925D93939396C8853A8E /* LuneXApp.swift */; };
		10387BC44480BADEDFF3ADE4 /* HostLibrary.swift in Sources */ = {isa = PBXBuildFile; fileRef = 2220525EC17385E564247B74 /* HostLibrary.swift */; };
		13F37678462B1A2328169961 /* LifecycleRenderPolicyTests.swift */ = {isa = PBXFileReference; lastKnownFileType = sourcecode.swift; path = "Tests/LuneXCoreTests/LifecycleRenderPolicyTests.swift"; sourceTree = "<group>"; };
		1507F349832A04790D3C1273 /* Sources */ = {isa = PBXGroup; children = (
				77FE925D93939396C8853A8E /* LuneXApp.swift */,
				BE56A1032EA2BF2DCF72F321 /* RootView.swift */,
				5A52A473DF63B8343293FC7A /* AppModel.swift */,
				1F7F3BA9FD46B52A82C6F343 /* AppSettings.swift */,
				97B249D70217EBBA15751AAF /* ClientIdentity.swift */,
				2220525EC17385E564247B74 /* HostLibrary.swift */,
				E750CEB84733E203CA3E6E48 /* Models.swift */,
				F6B08151BEDFF41608DB8852 /* SessionState.swift */,
				8557773DAB04C6CEEF7128A6 /* ContinuityPolicy.swift */,
				F15909A82EFCA49A5EF857B8 /* PlatformLifecycle.swift */,
				CB8CCA668D7435712B409156 /* AppKitLifecycleMonitor.swift */,
				CB925F3538A7E31454660A8B /* UIKitLifecycleMonitor.swift */,
				863690481A7841758650A20A /* DisplayHeadroom.swift */,
				6F49F3FF738DFF569AC19BFF /* MetalStreamSurface.swift */,
				4FEF42EF73B7621E68B81787 /* GameControllerInputAdapter.swift */,
				0A0690E476FD5EEC1BD002B5 /* InputEvents.swift */,
				EFBF2FCD8F8F190A2CD96920 /* InputDiagnostics.swift */,
				34D24A0912E7D927AEB04D7E /* InputMapper.swift */,
				D575889CB3325F0C4CEAE602 /* MacInputAdapter.swift */,
				6B914C11A487EF67BA586616 /* TVRemoteFocusInputAdapter.swift */,
				D4CF4EEFA619027CF8209EA4 /* TouchInputAdapter.swift */,
				280BF630B563071BFE6CBFF6 /* AudioSessionPipeline.swift */,
				3EF039666FCCB2021028835D /* AudioRouteState.swift */,
				4A246F4717F6EB32340E9480 /* DiagnosticsStore.swift */,
				E90B7F5F3E4136E717E7C010 /* HostDiscovery.swift */,
				CB0F6C5CB6DF2843C71283CB /* AppCatalog.swift */,
				82820A094B73B5239F4F5C6F /* HostEndpoint.swift */,
				C4E264A3CED5E104C8FC807B /* Pairing.swift */,
				A6E349041994EA416B05890A /* ServerInfo.swift */,
				8F3A23316507D7A90A11E218 /* StreamNegotiation.swift */,
				F40C12A13C92959C12D0E4D5 /* JSONFileStores.swift */,
				6427B28229BB89A8E2F6B014 /* KeychainClientIdentityStore.swift */
			); name = Sources; sourceTree = "<group>"; };
		155D2E312C5B3E04C5844CE5 /* AppSettings.swift in Sources */ = {isa = PBXBuildFile; fileRef = 1F7F3BA9FD46B52A82C6F343 /* AppSettings.swift */; };
		15B8E7597BC64E3F76BBA1A6 /* UIKitLifecycleMonitor.swift in Sources */ = {isa = PBXBuildFile; fileRef = CB925F3538A7E31454660A8B /* UIKitLifecycleMonitor.swift */; };
		166FE8F98C01F0283B2688DF /* LuneX-macOS */ = {isa = PBXNativeTarget; buildConfigurationList = CAB3AF3CEA282C5D459AE7DA /* Build configuration list for LuneX-macOS */; buildPhases = (26AD0EF2EAD126EA75ED112C /* Sources */, CF80BD5D3C0A0E94467A5E1A /* Frameworks */, B89160B88498A95454FBDFEE /* Resources */); buildRules = (); dependencies = (); name = "LuneX-macOS"; productName = "LuneX-macOS"; productReference = 4E563EAF4AF6BCC20BC60369 /* LuneX-macOS.app */; productType = "com.apple.product-type.application"; };
		17F36281F017DADE8B8B5B62 /* ServerInfo.swift in Sources */ = {isa = PBXBuildFile; fileRef = A6E349041994EA416B05890A /* ServerInfo.swift */; };
		1842E33381787F2350CEB4F4 /* Build configuration list for LuneX-tvOS */ = {isa = XCConfigurationList; buildConfigurations = (3716B850200E36E53E450170 /* Debug */, EE113BB7483723D6DD61000C /* Release */); defaultConfigurationIsVisible = 0; defaultConfigurationName = Release; };
		1877C00243EF3A9C0C2F8F8E /* Assets.xcassets in Resources */ = {isa = PBXBuildFile; fileRef = 0DB7571B8334F5E7680A9B20 /* Assets.xcassets */; };
		18F3663B971C24530C1CF1EC /* JSONFileStores.swift in Sources */ = {isa = PBXBuildFile; fileRef = F40C12A13C92959C12D0E4D5 /* JSONFileStores.swift */; };
		191FDC818059758AF15CB72F /* AudioSessionPipeline.swift in Sources */ = {isa = PBXBuildFile; fileRef = 280BF630B563071BFE6CBFF6 /* AudioSessionPipeline.swift */; };
		19E248422F5CCD1B9EBEC2EB /* MetalStreamSurface.swift in Sources */ = {isa = PBXBuildFile; fileRef = 6F49F3FF738DFF569AC19BFF /* MetalStreamSurface.swift */; };
		1A31D34EC141DC875BC75E45 /* ServerInfo.swift in Sources */ = {isa = PBXBuildFile; fileRef = A6E349041994EA416B05890A /* ServerInfo.swift */; };
		1CC54099BAEB2B0EB70383B1 /* DiagnosticsStore.swift in Sources */ = {isa = PBXBuildFile; fileRef = 4A246F4717F6EB32340E9480 /* DiagnosticsStore.swift */; };
		1CE8A178B86B203A082A24ED /* LuneX-tvOS */ = {isa = PBXNativeTarget; buildConfigurationList = 1842E33381787F2350CEB4F4 /* Build configuration list for LuneX-tvOS */; buildPhases = (874D26083549C3755E04CDE7 /* Sources */, 99F72C5DB6580F7D7D98C8BD /* Frameworks */, BA7EEBEFE8AFD2B10C20C345 /* Resources */); buildRules = (); dependencies = (); name = "LuneX-tvOS"; productName = "LuneX-tvOS"; productReference = 621A12FBFB2EF39B0A7BBB71 /* LuneX-tvOS.app */; productType = "com.apple.product-type.application"; };
		1F7F3BA9FD46B52A82C6F343 /* AppSettings.swift */ = {isa = PBXFileReference; lastKnownFileType = sourcecode.swift; path = "Sources/LuneXCore/AppSettings.swift"; sourceTree = "<group>"; };
		2001C21ADE8E9595ED4395DE /* JSONFileStores.swift in Sources */ = {isa = PBXBuildFile; fileRef = F40C12A13C92959C12D0E4D5 /* JSONFileStores.swift */; };
		20BE6E6A77E0B9ED3426DC00 /* AppKitLifecycleMonitor.swift in Sources */ = {isa = PBXBuildFile; fileRef = CB8CCA668D7435712B409156 /* AppKitLifecycleMonitor.swift */; };
		2220525EC17385E564247B74 /* HostLibrary.swift */ = {isa = PBXFileReference; lastKnownFileType = sourcecode.swift; path = "Sources/LuneXCore/HostLibrary.swift"; sourceTree = "<group>"; };
		23C944B7F6935AE80E901F50 /* TouchInputAdapter.swift in Sources */ = {isa = PBXBuildFile; fileRef = D4CF4EEFA619027CF8209EA4 /* TouchInputAdapter.swift */; };
		26AD0EF2EAD126EA75ED112C /* Sources */ = {isa = PBXSourcesBuildPhase; buildActionMask = 2147483647; files = (
				0FB80636A33C8E3652C352C5 /* LuneXApp.swift in Sources */,
				0ADAD842F2EBCFCA61D2975A /* RootView.swift in Sources */,
				87617E2E33694E4FDE29C6CF /* AppModel.swift in Sources */,
				B9730359FDCF81D81487CF89 /* AppSettings.swift in Sources */,
				31E8D9EFBCE1012B144E3729 /* ClientIdentity.swift in Sources */,
				6C9560EAF7A8ED1C8FA8E723 /* HostLibrary.swift in Sources */,
				BDD3FBDA64829560F425C42C /* Models.swift in Sources */,
				CC23BDB54A1C393ABD5E01F9 /* SessionState.swift in Sources */,
				77AFAE14D6E388173018CC4B /* ContinuityPolicy.swift in Sources */,
				A3C464852F3EC9D4F2E283F6 /* PlatformLifecycle.swift in Sources */,
				54782C44322058C8A18A0937 /* AppKitLifecycleMonitor.swift in Sources */,
				41027C1F4921A223AF263FAF /* UIKitLifecycleMonitor.swift in Sources */,
				6B02A5C0806ECD0917599BAE /* DisplayHeadroom.swift in Sources */,
				ACB2C2E6A74F15E4D8F85B08 /* MetalStreamSurface.swift in Sources */,
				3F17322C5E9089B0323E054A /* GameControllerInputAdapter.swift in Sources */,
				C994DB7F13DDBA251D06AA0D /* InputEvents.swift in Sources */,
				B601B7590C059F6B675A3852 /* InputDiagnostics.swift in Sources */,
				657EA7386E369D3A9D5F8C0C /* InputMapper.swift in Sources */,
				AB2F7B0256B25B107E605AE5 /* MacInputAdapter.swift in Sources */,
				509B6EB9DC08AC023AD4E1E3 /* TVRemoteFocusInputAdapter.swift in Sources */,
				0676B508055EC12E4BE2E829 /* TouchInputAdapter.swift in Sources */,
				EA48BCED98C3AD80ED754905 /* AudioSessionPipeline.swift in Sources */,
				C96A071634C7A6A6E63C651F /* AudioRouteState.swift in Sources */,
				AC349F5B341540E611AB734B /* DiagnosticsStore.swift in Sources */,
				0A36B4A91F07644BB31E7A68 /* HostDiscovery.swift in Sources */,
				0C07A99EEEE4CCEE19CE4FB2 /* AppCatalog.swift in Sources */,
				429C5C1D584F470FBDA3AD59 /* HostEndpoint.swift in Sources */,
				6590CDED907F41D7CEBD0BEB /* Pairing.swift in Sources */,
				C655E0F213392D647EEB705C /* ServerInfo.swift in Sources */,
				79670E720DBFB6D4682071F8 /* StreamNegotiation.swift in Sources */,
				D515373AF432ACDBB07CBCE5 /* JSONFileStores.swift in Sources */,
				2EC655D5BE240705D7E4841C /* KeychainClientIdentityStore.swift in Sources */
			); runOnlyForDeploymentPostprocessing = 0; };
		2726DAE1144FCA0279421B11 /* Frameworks */ = {isa = PBXFrameworksBuildPhase; buildActionMask = 2147483647; files = (); runOnlyForDeploymentPostprocessing = 0; };
		280BF630B563071BFE6CBFF6 /* AudioSessionPipeline.swift */ = {isa = PBXFileReference; lastKnownFileType = sourcecode.swift; path = "Sources/LuneXAudio/AudioSessionPipeline.swift"; sourceTree = "<group>"; };
		28622E70A21C8499F9D180E6 /* AppCatalog.swift in Sources */ = {isa = PBXBuildFile; fileRef = CB0F6C5CB6DF2843C71283CB /* AppCatalog.swift */; };
		29601CEF411F6EC4ABEB07B8 /* AudioPipelineTests.swift */ = {isa = PBXFileReference; lastKnownFileType = sourcecode.swift; path = "Tests/LuneXCoreTests/AudioPipelineTests.swift"; sourceTree = "<group>"; };
		2A927EF079B9F8E20DFE8407 /* InputDiagnostics.swift in Sources */ = {isa = PBXBuildFile; fileRef = EFBF2FCD8F8F190A2CD96920 /* InputDiagnostics.swift */; };
		2ACF9C6C82903CEB2A8E982F /* AppCatalogTests.swift */ = {isa = PBXFileReference; lastKnownFileType = sourcecode.swift; path = "Tests/LuneXCoreTests/AppCatalogTests.swift"; sourceTree = "<group>"; };
		2D0A723D4D2A55FC6AD152A8 /* ContinuityPolicyTests.swift */ = {isa = PBXFileReference; lastKnownFileType = sourcecode.swift; path = "Tests/LuneXCoreTests/ContinuityPolicyTests.swift"; sourceTree = "<group>"; };
		2EC655D5BE240705D7E4841C /* KeychainClientIdentityStore.swift in Sources */ = {isa = PBXBuildFile; fileRef = 6427B28229BB89A8E2F6B014 /* KeychainClientIdentityStore.swift */; };
		2EC989865E832B9E13DCD5F4 /* DisplayHeadroom.swift in Sources */ = {isa = PBXBuildFile; fileRef = 863690481A7841758650A20A /* DisplayHeadroom.swift */; };
		31E8D9EFBCE1012B144E3729 /* ClientIdentity.swift in Sources */ = {isa = PBXBuildFile; fileRef = 97B249D70217EBBA15751AAF /* ClientIdentity.swift */; };
		323E4F2BD67A89C67A021D69 /* GameControllerInputAdapter.swift in Sources */ = {isa = PBXBuildFile; fileRef = 4FEF42EF73B7621E68B81787 /* GameControllerInputAdapter.swift */; };
		32CE222BD6A648D8BB0834BD /* ServerInfo.swift in Sources */ = {isa = PBXBuildFile; fileRef = A6E349041994EA416B05890A /* ServerInfo.swift */; };
		334095613F4A4AD8A3C2D50E /* AudioRouteState.swift in Sources */ = {isa = PBXBuildFile; fileRef = 3EF039666FCCB2021028835D /* AudioRouteState.swift */; };
		34D24A0912E7D927AEB04D7E /* InputMapper.swift */ = {isa = PBXFileReference; lastKnownFileType = sourcecode.swift; path = "Sources/LuneXInput/InputMapper.swift"; sourceTree = "<group>"; };
		3716B850200E36E53E450170 /* Debug */ = {isa = XCBuildConfiguration; buildSettings = {
				ASSETCATALOG_COMPILER_GLOBAL_ACCENT_COLOR_NAME = "AccentColor";
				CODE_SIGN_STYLE = "Automatic";
				CURRENT_PROJECT_VERSION = "1";
				DEVELOPMENT_TEAM = "";
				ENABLE_HARDENED_RUNTIME = "YES";
				ENABLE_USER_SCRIPT_SANDBOXING = "NO";
				GENERATE_INFOPLIST_FILE = "YES";
				INFOPLIST_KEY_CFBundleDisplayName = "LuneX";
				INFOPLIST_KEY_NSHumanReadableCopyright = "Copyright © 2026 LuneX.";
				MARKETING_VERSION = "0.1.0";
				PRODUCT_BUNDLE_IDENTIFIER = "dev.lunex.client.tvos";
				PRODUCT_NAME = "$(TARGET_NAME)";
				SDKROOT = "appletvos";
				SUPPORTED_PLATFORMS = "appletvos appletvsimulator";
				SWIFT_EMIT_LOC_STRINGS = "YES";
				SWIFT_OPTIMIZATION_LEVEL = "-Onone";
				SWIFT_STRICT_CONCURRENCY = "complete";
				SWIFT_VERSION = "6.0";
				TVOS_DEPLOYMENT_TARGET = "26.0";
				TARGETED_DEVICE_FAMILY = "3";
				INFOPLIST_KEY_UIBackgroundModes = "audio";
			}; name = Debug; };
		3C3BF9A09AC62AC9BDF739CF /* AudioSessionPipeline.swift in Sources */ = {isa = PBXBuildFile; fileRef = 280BF630B563071BFE6CBFF6 /* AudioSessionPipeline.swift */; };
		3DA099E63DEC14B465121407 /* InputEvents.swift in Sources */ = {isa = PBXBuildFile; fileRef = 0A0690E476FD5EEC1BD002B5 /* InputEvents.swift */; };
		3DE4149E22D063B7C18C9168 /* RootView.swift in Sources */ = {isa = PBXBuildFile; fileRef = BE56A1032EA2BF2DCF72F321 /* RootView.swift */; };
		3EF039666FCCB2021028835D /* AudioRouteState.swift */ = {isa = PBXFileReference; lastKnownFileType = sourcecode.swift; path = "Sources/LuneXAudio/AudioRouteState.swift"; sourceTree = "<group>"; };
		3F17322C5E9089B0323E054A /* GameControllerInputAdapter.swift in Sources */ = {isa = PBXBuildFile; fileRef = 4FEF42EF73B7621E68B81787 /* GameControllerInputAdapter.swift */; };
		3FF60EFC740DA002D10E7A1C /* Frameworks */ = {isa = PBXFrameworksBuildPhase; buildActionMask = 2147483647; files = (); runOnlyForDeploymentPostprocessing = 0; };
		402BB3CCD0AC6B43FB1690C1 /* AppModel.swift in Sources */ = {isa = PBXBuildFile; fileRef = 5A52A473DF63B8343293FC7A /* AppModel.swift */; };
		41027C1F4921A223AF263FAF /* UIKitLifecycleMonitor.swift in Sources */ = {isa = PBXBuildFile; fileRef = CB925F3538A7E31454660A8B /* UIKitLifecycleMonitor.swift */; };
		429C5C1D584F470FBDA3AD59 /* HostEndpoint.swift in Sources */ = {isa = PBXBuildFile; fileRef = 82820A094B73B5239F4F5C6F /* HostEndpoint.swift */; };
		42D0D6A1447A495F857D2BE3 /* TVRemoteFocusInputAdapter.swift in Sources */ = {isa = PBXBuildFile; fileRef = 6B914C11A487EF67BA586616 /* TVRemoteFocusInputAdapter.swift */; };
		436361201BAF89C73D446E90 /* DisplayHeadroom.swift in Sources */ = {isa = PBXBuildFile; fileRef = 863690481A7841758650A20A /* DisplayHeadroom.swift */; };
		441BC7D4D6F3439321516A3E /* AudioRouteState.swift in Sources */ = {isa = PBXBuildFile; fileRef = 3EF039666FCCB2021028835D /* AudioRouteState.swift */; };
		451E874BD14633FE7DC5231D /* HostLibrary.swift in Sources */ = {isa = PBXBuildFile; fileRef = 2220525EC17385E564247B74 /* HostLibrary.swift */; };
		46F689254D1891EE721C30AE /* GameControllerInputAdapter.swift in Sources */ = {isa = PBXBuildFile; fileRef = 4FEF42EF73B7621E68B81787 /* GameControllerInputAdapter.swift */; };
		46F86FAA6BBF9AC94A7E4595 /* Project object */ = {isa = PBXProject; attributes = {BuildIndependentTargetsInParallel = YES; LastSwiftUpdateCheck = 2640; LastUpgradeCheck = 2640; TargetAttributes = {166FE8F98C01F0283B2688DF = {CreatedOnToolsVersion = 26.4; LastSwiftMigration = 2640;}; 77D2F983F33D5AB45735CDF0 = {CreatedOnToolsVersion = 26.4; LastSwiftMigration = 2640;}; 1CE8A178B86B203A082A24ED = {CreatedOnToolsVersion = 26.4; LastSwiftMigration = 2640;}; 7AA4E5B57949BFBF5F95F321 = {CreatedOnToolsVersion = 26.4; LastSwiftMigration = 2640;}; B8F9EB9BE31AF4E0571170C9 = {CreatedOnToolsVersion = 26.4; LastSwiftMigration = 2640;};};}; buildConfigurationList = 479141CF4F7E78536D4D69BF /* Build configuration list for PBXProject */; compatibilityVersion = "Xcode 15.0"; developmentRegion = en; hasScannedForEncodings = 0; knownRegions = (en, Base); mainGroup = 518DA81DB9B99529C0C0AEBE; productRefGroup = 547D009064F7C3F13BEF3460 /* Products */; projectDirPath = ""; projectRoot = ""; targets = (166FE8F98C01F0283B2688DF, 77D2F983F33D5AB45735CDF0, 1CE8A178B86B203A082A24ED, 7AA4E5B57949BFBF5F95F321, B8F9EB9BE31AF4E0571170C9); };
		479141CF4F7E78536D4D69BF /* Build configuration list for PBXProject */ = {isa = XCConfigurationList; buildConfigurations = (4A43692AD8BCEEB8B727C85B /* Debug */, C28449456A5A705A7479770B /* Release */); defaultConfigurationIsVisible = 0; defaultConfigurationName = Release; };
		47FE21B7A6C4DCFC74A2D659 /* ServerInfo.swift in Sources */ = {isa = PBXBuildFile; fileRef = A6E349041994EA416B05890A /* ServerInfo.swift */; };
		4A246F4717F6EB32340E9480 /* DiagnosticsStore.swift */ = {isa = PBXFileReference; lastKnownFileType = sourcecode.swift; path = "Sources/LuneXDiagnostics/DiagnosticsStore.swift"; sourceTree = "<group>"; };
		4A43692AD8BCEEB8B727C85B /* Debug */ = {isa = XCBuildConfiguration; buildSettings = {ALWAYS_SEARCH_USER_PATHS = NO; CLANG_ENABLE_MODULES = YES; CODE_SIGN_STYLE = Automatic; ENABLE_USER_SCRIPT_SANDBOXING = NO; GCC_NO_COMMON_BLOCKS = YES; SWIFT_OPTIMIZATION_LEVEL = -Onone; SWIFT_VERSION = 6.0; DEBUG_INFORMATION_FORMAT = dwarf; ONLY_ACTIVE_ARCH = YES;}; name = Debug; };
		4B3298D4C3E56D5F52ED776B /* MacInputAdapter.swift in Sources */ = {isa = PBXBuildFile; fileRef = D575889CB3325F0C4CEAE602 /* MacInputAdapter.swift */; };
		4D01F1AFD08EF95771D6169C /* InputEvents.swift in Sources */ = {isa = PBXBuildFile; fileRef = 0A0690E476FD5EEC1BD002B5 /* InputEvents.swift */; };
		4E563EAF4AF6BCC20BC60369 /* LuneX-macOS.app */ = {isa = PBXFileReference; explicitFileType = wrapper.application; includeInIndex = 0; path = "LuneX-macOS.app"; sourceTree = BUILT_PRODUCTS_DIR; };
		4FA393E16ACA3B15586B2711 /* UIKitLifecycleMonitor.swift in Sources */ = {isa = PBXBuildFile; fileRef = CB925F3538A7E31454660A8B /* UIKitLifecycleMonitor.swift */; };
		4FEF42EF73B7621E68B81787 /* GameControllerInputAdapter.swift */ = {isa = PBXFileReference; lastKnownFileType = sourcecode.swift; path = "Sources/LuneXInput/GameControllerInputAdapter.swift"; sourceTree = "<group>"; };
		505783E49A0A9D900331A4A9 /* Release */ = {isa = XCBuildConfiguration; buildSettings = {
				ASSETCATALOG_COMPILER_GLOBAL_ACCENT_COLOR_NAME = "AccentColor";
				CODE_SIGN_STYLE = "Automatic";
				CURRENT_PROJECT_VERSION = "1";
				DEVELOPMENT_TEAM = "";
				ENABLE_HARDENED_RUNTIME = "YES";
				ENABLE_USER_SCRIPT_SANDBOXING = "NO";
				GENERATE_INFOPLIST_FILE = "YES";
				INFOPLIST_KEY_CFBundleDisplayName = "LuneX";
				INFOPLIST_KEY_NSHumanReadableCopyright = "Copyright © 2026 LuneX.";
				MARKETING_VERSION = "0.1.0";
				PRODUCT_BUNDLE_IDENTIFIER = "dev.lunex.client.ios";
				PRODUCT_NAME = "$(TARGET_NAME)";
				SDKROOT = "iphoneos";
				SUPPORTED_PLATFORMS = "iphoneos iphonesimulator";
				SWIFT_EMIT_LOC_STRINGS = "YES";
				SWIFT_OPTIMIZATION_LEVEL = "-O";
				SWIFT_STRICT_CONCURRENCY = "complete";
				SWIFT_VERSION = "6.0";
				IPHONEOS_DEPLOYMENT_TARGET = "26.0";
				TARGETED_DEVICE_FAMILY = "1,2";
				INFOPLIST_KEY_UIBackgroundModes = "audio";
				INFOPLIST_KEY_UISupportedInterfaceOrientations_iPhone = "UIInterfaceOrientationPortrait UIInterfaceOrientationLandscapeLeft UIInterfaceOrientationLandscapeRight";
				INFOPLIST_KEY_UISupportedInterfaceOrientations_iPad = "UIInterfaceOrientationPortrait UIInterfaceOrientationPortraitUpsideDown UIInterfaceOrientationLandscapeLeft UIInterfaceOrientationLandscapeRight";
			}; name = Release; };
		509B6EB9DC08AC023AD4E1E3 /* TVRemoteFocusInputAdapter.swift in Sources */ = {isa = PBXBuildFile; fileRef = 6B914C11A487EF67BA586616 /* TVRemoteFocusInputAdapter.swift */; };
		518DA81DB9B99529C0C0AEBE = {isa = PBXGroup; children = (
				1507F349832A04790D3C1273 /* Sources */,
				A0937472EE5878FA82CB0F7E /* Tests */,
				AAE953452CCD6DDD91445CEA /* Resources */,
				547D009064F7C3F13BEF3460 /* Products */,
			); sourceTree = "<group>"; };
		52588C27B85362A81133EA71 /* TVRemoteFocusInputAdapter.swift in Sources */ = {isa = PBXBuildFile; fileRef = 6B914C11A487EF67BA586616 /* TVRemoteFocusInputAdapter.swift */; };
		538DC636041A5BD2304AD838 /* Sources */ = {isa = PBXSourcesBuildPhase; buildActionMask = 2147483647; files = (
				91A89A56CD694D32BD707CD9 /* LuneXApp.swift in Sources */,
				065E0416F6D1E33EFDFB4E25 /* RootView.swift in Sources */,
				5D814A0C03A2078ED06927AF /* AppModel.swift in Sources */,
				155D2E312C5B3E04C5844CE5 /* AppSettings.swift in Sources */,
				B5EC264AB1E9B0C9158E259C /* ClientIdentity.swift in Sources */,
				E094A6B170094EFB8E98C64E /* HostLibrary.swift in Sources */,
				F866A09D32829EAE7F324D20 /* Models.swift in Sources */,
				F353164B5988943E97D33BF4 /* SessionState.swift in Sources */,
				06BACFE0B8BDEBFAAE8A21D6 /* ContinuityPolicy.swift in Sources */,
				B545480E72B7EDD648FA8DB7 /* PlatformLifecycle.swift in Sources */,
				83ABFBC71A0D651358D1BF3F /* AppKitLifecycleMonitor.swift in Sources */,
				4FA393E16ACA3B15586B2711 /* UIKitLifecycleMonitor.swift in Sources */,
				0B83E9551506F87EFADDE2E6 /* DisplayHeadroom.swift in Sources */,
				19E248422F5CCD1B9EBEC2EB /* MetalStreamSurface.swift in Sources */,
				46F689254D1891EE721C30AE /* GameControllerInputAdapter.swift in Sources */,
				924C8DA2F61A43C3704C2771 /* InputEvents.swift in Sources */,
				2A927EF079B9F8E20DFE8407 /* InputDiagnostics.swift in Sources */,
				63F09D2BD173ACA0F4A2AFF8 /* InputMapper.swift in Sources */,
				684C18432A5442649DB9462A /* MacInputAdapter.swift in Sources */,
				5D16553A18599BEEB77DEC3B /* TVRemoteFocusInputAdapter.swift in Sources */,
				627BAC5502DE8338016671CD /* TouchInputAdapter.swift in Sources */,
				3C3BF9A09AC62AC9BDF739CF /* AudioSessionPipeline.swift in Sources */,
				334095613F4A4AD8A3C2D50E /* AudioRouteState.swift in Sources */,
				99D1CE46E3A02FEFD83A16D6 /* DiagnosticsStore.swift in Sources */,
				936AC5DDAECC9B0866E9A93F /* HostDiscovery.swift in Sources */,
				DA5F0215FF24D4402D11058F /* AppCatalog.swift in Sources */,
				83F089BA83ABF26A3D3362B8 /* HostEndpoint.swift in Sources */,
				F780B06016984AB1F8C8AE63 /* Pairing.swift in Sources */,
				1A31D34EC141DC875BC75E45 /* ServerInfo.swift in Sources */,
				EE25BBB09C926202AB9A992D /* StreamNegotiation.swift in Sources */,
				670AE96A22664AA3ACA17784 /* JSONFileStores.swift in Sources */,
				F125D3176FDBF769056F50F1 /* KeychainClientIdentityStore.swift in Sources */
			); runOnlyForDeploymentPostprocessing = 0; };
		54782C44322058C8A18A0937 /* AppKitLifecycleMonitor.swift in Sources */ = {isa = PBXBuildFile; fileRef = CB8CCA668D7435712B409156 /* AppKitLifecycleMonitor.swift */; };
		547D009064F7C3F13BEF3460 /* Products */ = {isa = PBXGroup; children = (
				4E563EAF4AF6BCC20BC60369 /* LuneX-macOS.app */,
				7CDAA2F9E3F622B2A9291A02 /* LuneX-iOS.app */,
				621A12FBFB2EF39B0A7BBB71 /* LuneX-tvOS.app */,
				9F5F7C4AAE6A679AB865FE5E /* LuneX-visionOS.app */,
				D76541BC2CB99720732B8F10 /* LuneXCoreTests.xctest */
			); name = Products; sourceTree = "<group>"; };
		5A52A473DF63B8343293FC7A /* AppModel.swift */ = {isa = PBXFileReference; lastKnownFileType = sourcecode.swift; path = "Sources/LuneXCore/AppModel.swift"; sourceTree = "<group>"; };
		5CA171E29E89AF03B70FC0E3 /* KeychainClientIdentityStore.swift in Sources */ = {isa = PBXBuildFile; fileRef = 6427B28229BB89A8E2F6B014 /* KeychainClientIdentityStore.swift */; };
		5D16553A18599BEEB77DEC3B /* TVRemoteFocusInputAdapter.swift in Sources */ = {isa = PBXBuildFile; fileRef = 6B914C11A487EF67BA586616 /* TVRemoteFocusInputAdapter.swift */; };
		5D814A0C03A2078ED06927AF /* AppModel.swift in Sources */ = {isa = PBXBuildFile; fileRef = 5A52A473DF63B8343293FC7A /* AppModel.swift */; };
		5F30E763D9AE5D2A7C3216A5 /* ClientIdentity.swift in Sources */ = {isa = PBXBuildFile; fileRef = 97B249D70217EBBA15751AAF /* ClientIdentity.swift */; };
		60B0BC7E6D2A38A166826089 /* KeychainClientIdentityStore.swift in Sources */ = {isa = PBXBuildFile; fileRef = 6427B28229BB89A8E2F6B014 /* KeychainClientIdentityStore.swift */; };
		621A12FBFB2EF39B0A7BBB71 /* LuneX-tvOS.app */ = {isa = PBXFileReference; explicitFileType = wrapper.application; includeInIndex = 0; path = "LuneX-tvOS.app"; sourceTree = BUILT_PRODUCTS_DIR; };
		627BAC5502DE8338016671CD /* TouchInputAdapter.swift in Sources */ = {isa = PBXBuildFile; fileRef = D4CF4EEFA619027CF8209EA4 /* TouchInputAdapter.swift */; };
		62CD86A6609B3B279A387A1F /* Sources */ = {isa = PBXSourcesBuildPhase; buildActionMask = 2147483647; files = (
				0B2A80D1BEBAA8E701467FE0 /* AppSettings.swift in Sources */,
				8726147B2CC1DF70D22CFB20 /* ClientIdentity.swift in Sources */,
				6D26C862CE5D532CD74DDD23 /* HostLibrary.swift in Sources */,
				06CCC38B37617EDA5BA4B103 /* Models.swift in Sources */,
				EAE72094F979FE7E7416961F /* SessionState.swift in Sources */,
				E48CBE2A7F00F84548F195DC /* ContinuityPolicy.swift in Sources */,
				E7C68A141C49CAC87CF1B9AF /* PlatformLifecycle.swift in Sources */,
				C45FCEA0C35E538EC6AFF71B /* DisplayHeadroom.swift in Sources */,
				B69F2CEAF853881227B884CB /* GameControllerInputAdapter.swift in Sources */,
				3DA099E63DEC14B465121407 /* InputEvents.swift in Sources */,
				A12D89B5B16AA0A305B1F4A0 /* InputDiagnostics.swift in Sources */,
				D89071682C0FF797FEDA8255 /* InputMapper.swift in Sources */,
				A11319EF185BB2B85CAC1E57 /* MacInputAdapter.swift in Sources */,
				52588C27B85362A81133EA71 /* TVRemoteFocusInputAdapter.swift in Sources */,
				CEDC8ED47CF018CD0F3F5A56 /* TouchInputAdapter.swift in Sources */,
				C178F47B546699EC4C186CF4 /* AudioSessionPipeline.swift in Sources */,
				DB7F9A269296D006BD951D51 /* AudioRouteState.swift in Sources */,
				7DC19CFC616146A12EBE16BD /* DiagnosticsStore.swift in Sources */,
				99653315A9F4B45A05EA9D0B /* HostDiscovery.swift in Sources */,
				F9742610154D45B4E260C7D5 /* AppCatalog.swift in Sources */,
				A5C89241C7D60009271BE1BD /* HostEndpoint.swift in Sources */,
				86A8D18A71F7A38EA11F69A4 /* Pairing.swift in Sources */,
				17F36281F017DADE8B8B5B62 /* ServerInfo.swift in Sources */,
				95652392B266E01D7D9C84FD /* StreamNegotiation.swift in Sources */,
				C0A1A2F7BDC9DFE181BBCBEF /* JSONFileStores.swift in Sources */,
				F06598331012C73833FFB82B /* KeychainClientIdentityStore.swift in Sources */,
				E7CA5C07D4789409605B8EE0 /* AppCatalogTests.swift in Sources */,
				B5AD4050462EA1A4C3821D27 /* AudioPipelineTests.swift in Sources */,
				C7BA81230C2E426B7859E0DF /* ControllerAndDiagnosticsTests.swift in Sources */,
				6EBD829EF63753A1F5AD100B /* ContinuityPolicyTests.swift in Sources */,
				9A22319E9908017D57D5E5E1 /* DiscoveryTests.swift in Sources */,
				B54E157C6D5AE9E834114317 /* LifecycleRenderPolicyTests.swift in Sources */,
				FC0C54D990685ABD1903CDCF /* HostAndPersistenceTests.swift in Sources */,
				DD789FA5FE8C125185872F0A /* InputAdapterTests.swift in Sources */,
				A97D58BABC85A2E6F3E6D0C2 /* PairingStateMachineTests.swift in Sources */,
				BEC37FA319210002E45EEBEC /* StreamNegotiationTests.swift in Sources */
			); runOnlyForDeploymentPostprocessing = 0; };
		63F09D2BD173ACA0F4A2AFF8 /* InputMapper.swift in Sources */ = {isa = PBXBuildFile; fileRef = 34D24A0912E7D927AEB04D7E /* InputMapper.swift */; };
		6427B28229BB89A8E2F6B014 /* KeychainClientIdentityStore.swift */ = {isa = PBXFileReference; lastKnownFileType = sourcecode.swift; path = "Sources/LuneXPersistence/KeychainClientIdentityStore.swift"; sourceTree = "<group>"; };
		655FDF52FC82292CD6CF0A01 /* InputMapper.swift in Sources */ = {isa = PBXBuildFile; fileRef = 34D24A0912E7D927AEB04D7E /* InputMapper.swift */; };
		657EA7386E369D3A9D5F8C0C /* InputMapper.swift in Sources */ = {isa = PBXBuildFile; fileRef = 34D24A0912E7D927AEB04D7E /* InputMapper.swift */; };
		6590CDED907F41D7CEBD0BEB /* Pairing.swift in Sources */ = {isa = PBXBuildFile; fileRef = C4E264A3CED5E104C8FC807B /* Pairing.swift */; };
		66120997C0407A4B29558F97 /* Build configuration list for LuneX-visionOS */ = {isa = XCConfigurationList; buildConfigurations = (F918C2FC6D7322A820D44F6D /* Debug */, B4D495670852ADB187BC96EB /* Release */); defaultConfigurationIsVisible = 0; defaultConfigurationName = Release; };
		66418B747E66DDB522BD5046 /* HostDiscovery.swift in Sources */ = {isa = PBXBuildFile; fileRef = E90B7F5F3E4136E717E7C010 /* HostDiscovery.swift */; };
		670AE96A22664AA3ACA17784 /* JSONFileStores.swift in Sources */ = {isa = PBXBuildFile; fileRef = F40C12A13C92959C12D0E4D5 /* JSONFileStores.swift */; };
		670E657BBBC675F9D14F3296 /* TVRemoteFocusInputAdapter.swift in Sources */ = {isa = PBXBuildFile; fileRef = 6B914C11A487EF67BA586616 /* TVRemoteFocusInputAdapter.swift */; };
		6731217C20065BAB179BED54 /* MetalStreamSurface.swift in Sources */ = {isa = PBXBuildFile; fileRef = 6F49F3FF738DFF569AC19BFF /* MetalStreamSurface.swift */; };
		684C18432A5442649DB9462A /* MacInputAdapter.swift in Sources */ = {isa = PBXBuildFile; fileRef = D575889CB3325F0C4CEAE602 /* MacInputAdapter.swift */; };
		6A4F36502B467756CF32F58B /* Debug */ = {isa = XCBuildConfiguration; buildSettings = {
				CODE_SIGN_STYLE = "Automatic";
				CURRENT_PROJECT_VERSION = "1";
				DEVELOPMENT_TEAM = "";
				ENABLE_USER_SCRIPT_SANDBOXING = "NO";
				GENERATE_INFOPLIST_FILE = "YES";
				MARKETING_VERSION = "0.1.0";
				PRODUCT_BUNDLE_IDENTIFIER = "dev.lunex.client.coretests";
				PRODUCT_NAME = "$(TARGET_NAME)";
				SDKROOT = "macosx";
				SUPPORTED_PLATFORMS = "macosx";
				SWIFT_OPTIMIZATION_LEVEL = "-Onone";
				SWIFT_STRICT_CONCURRENCY = "complete";
				SWIFT_VERSION = "6.0";
				WRAPPER_EXTENSION = "xctest";
				MACOSX_DEPLOYMENT_TARGET = "26.0";
			}; name = Debug; };
		6B02A5C0806ECD0917599BAE /* DisplayHeadroom.swift in Sources */ = {isa = PBXBuildFile; fileRef = 863690481A7841758650A20A /* DisplayHeadroom.swift */; };
		6B914C11A487EF67BA586616 /* TVRemoteFocusInputAdapter.swift */ = {isa = PBXFileReference; lastKnownFileType = sourcecode.swift; path = "Sources/LuneXInput/TVRemoteFocusInputAdapter.swift"; sourceTree = "<group>"; };
		6C9560EAF7A8ED1C8FA8E723 /* HostLibrary.swift in Sources */ = {isa = PBXBuildFile; fileRef = 2220525EC17385E564247B74 /* HostLibrary.swift */; };
		6D26C862CE5D532CD74DDD23 /* HostLibrary.swift in Sources */ = {isa = PBXBuildFile; fileRef = 2220525EC17385E564247B74 /* HostLibrary.swift */; };
		6E1D29B5977A529005675A4C /* Build configuration list for LuneXCoreTests */ = {isa = XCConfigurationList; buildConfigurations = (6A4F36502B467756CF32F58B /* Debug */, 9385939EF0E8DA7C2B380B21 /* Release */); defaultConfigurationIsVisible = 0; defaultConfigurationName = Release; };
		6EBD829EF63753A1F5AD100B /* ContinuityPolicyTests.swift in Sources */ = {isa = PBXBuildFile; fileRef = 2D0A723D4D2A55FC6AD152A8 /* ContinuityPolicyTests.swift */; };
		6F49F3FF738DFF569AC19BFF /* MetalStreamSurface.swift */ = {isa = PBXFileReference; lastKnownFileType = sourcecode.swift; path = "Sources/LuneXRendering/MetalStreamSurface.swift"; sourceTree = "<group>"; };
		703151C5A088892773AB1F47 /* Models.swift in Sources */ = {isa = PBXBuildFile; fileRef = E750CEB84733E203CA3E6E48 /* Models.swift */; };
		77AFAE14D6E388173018CC4B /* ContinuityPolicy.swift in Sources */ = {isa = PBXBuildFile; fileRef = 8557773DAB04C6CEEF7128A6 /* ContinuityPolicy.swift */; };
		77D2F983F33D5AB45735CDF0 /* LuneX-iOS */ = {isa = PBXNativeTarget; buildConfigurationList = E60983968E906437AC65698E /* Build configuration list for LuneX-iOS */; buildPhases = (F398A5547E3E4E609D85DBAD /* Sources */, 3FF60EFC740DA002D10E7A1C /* Frameworks */, 7CD5305673A7AB0721EAB78D /* Resources */); buildRules = (); dependencies = (); name = "LuneX-iOS"; productName = "LuneX-iOS"; productReference = 7CDAA2F9E3F622B2A9291A02 /* LuneX-iOS.app */; productType = "com.apple.product-type.application"; };
		77FE925D93939396C8853A8E /* LuneXApp.swift */ = {isa = PBXFileReference; lastKnownFileType = sourcecode.swift; path = "Sources/LuneXApp/LuneXApp.swift"; sourceTree = "<group>"; };
		79670E720DBFB6D4682071F8 /* StreamNegotiation.swift in Sources */ = {isa = PBXBuildFile; fileRef = 8F3A23316507D7A90A11E218 /* StreamNegotiation.swift */; };
		7AA4E5B57949BFBF5F95F321 /* LuneX-visionOS */ = {isa = PBXNativeTarget; buildConfigurationList = 66120997C0407A4B29558F97 /* Build configuration list for LuneX-visionOS */; buildPhases = (538DC636041A5BD2304AD838 /* Sources */, 2726DAE1144FCA0279421B11 /* Frameworks */, BE0126CD73E6B26C08676EFF /* Resources */); buildRules = (); dependencies = (); name = "LuneX-visionOS"; productName = "LuneX-visionOS"; productReference = 9F5F7C4AAE6A679AB865FE5E /* LuneX-visionOS.app */; productType = "com.apple.product-type.application"; };
		7AA6F9A4C8E330551C186F90 /* AppKitLifecycleMonitor.swift in Sources */ = {isa = PBXBuildFile; fileRef = CB8CCA668D7435712B409156 /* AppKitLifecycleMonitor.swift */; };
		7B6BEA39712C64ADEB30283F /* TouchInputAdapter.swift in Sources */ = {isa = PBXBuildFile; fileRef = D4CF4EEFA619027CF8209EA4 /* TouchInputAdapter.swift */; };
		7CD5305673A7AB0721EAB78D /* Resources */ = {isa = PBXResourcesBuildPhase; buildActionMask = 2147483647; files = (
				02276D32D963C65B91F84E38 /* Assets.xcassets in Resources */
			); runOnlyForDeploymentPostprocessing = 0; };
		7CDAA2F9E3F622B2A9291A02 /* LuneX-iOS.app */ = {isa = PBXFileReference; explicitFileType = wrapper.application; includeInIndex = 0; path = "LuneX-iOS.app"; sourceTree = BUILT_PRODUCTS_DIR; };
		7D1E779DAD022CD933D8BA24 /* InputAdapterTests.swift */ = {isa = PBXFileReference; lastKnownFileType = sourcecode.swift; path = "Tests/LuneXCoreTests/InputAdapterTests.swift"; sourceTree = "<group>"; };
		7DC19CFC616146A12EBE16BD /* DiagnosticsStore.swift in Sources */ = {isa = PBXBuildFile; fileRef = 4A246F4717F6EB32340E9480 /* DiagnosticsStore.swift */; };
		7F40071572B7AC57FA4485B7 /* LuneXApp.swift in Sources */ = {isa = PBXBuildFile; fileRef = 77FE925D93939396C8853A8E /* LuneXApp.swift */; };
		82820A094B73B5239F4F5C6F /* HostEndpoint.swift */ = {isa = PBXFileReference; lastKnownFileType = sourcecode.swift; path = "Sources/LuneXNetworking/HostEndpoint.swift"; sourceTree = "<group>"; };
		83ABFBC71A0D651358D1BF3F /* AppKitLifecycleMonitor.swift in Sources */ = {isa = PBXBuildFile; fileRef = CB8CCA668D7435712B409156 /* AppKitLifecycleMonitor.swift */; };
		83F089BA83ABF26A3D3362B8 /* HostEndpoint.swift in Sources */ = {isa = PBXBuildFile; fileRef = 82820A094B73B5239F4F5C6F /* HostEndpoint.swift */; };
		8557773DAB04C6CEEF7128A6 /* ContinuityPolicy.swift */ = {isa = PBXFileReference; lastKnownFileType = sourcecode.swift; path = "Sources/LuneXPlatform/ContinuityPolicy.swift"; sourceTree = "<group>"; };
		863690481A7841758650A20A /* DisplayHeadroom.swift */ = {isa = PBXFileReference; lastKnownFileType = sourcecode.swift; path = "Sources/LuneXRendering/DisplayHeadroom.swift"; sourceTree = "<group>"; };
		86812B849941DBEA8E1C5720 /* AppSettings.swift in Sources */ = {isa = PBXBuildFile; fileRef = 1F7F3BA9FD46B52A82C6F343 /* AppSettings.swift */; };
		86A8D18A71F7A38EA11F69A4 /* Pairing.swift in Sources */ = {isa = PBXBuildFile; fileRef = C4E264A3CED5E104C8FC807B /* Pairing.swift */; };
		8726147B2CC1DF70D22CFB20 /* ClientIdentity.swift in Sources */ = {isa = PBXBuildFile; fileRef = 97B249D70217EBBA15751AAF /* ClientIdentity.swift */; };
		874D26083549C3755E04CDE7 /* Sources */ = {isa = PBXSourcesBuildPhase; buildActionMask = 2147483647; files = (
				7F40071572B7AC57FA4485B7 /* LuneXApp.swift in Sources */,
				3DE4149E22D063B7C18C9168 /* RootView.swift in Sources */,
				402BB3CCD0AC6B43FB1690C1 /* AppModel.swift in Sources */,
				951C0C659FE9428E0CA7B123 /* AppSettings.swift in Sources */,
				E65E4F08101FA02275D810C7 /* ClientIdentity.swift in Sources */,
				451E874BD14633FE7DC5231D /* HostLibrary.swift in Sources */,
				FEFC175E7A54E68CF8F4FD21 /* Models.swift in Sources */,
				0B15ADEDB630B72B33FFF9EE /* SessionState.swift in Sources */,
				CB28E6EF9E7A89FF16EB069C /* ContinuityPolicy.swift in Sources */,
				95C9DE49F2BED263901FCC3C /* PlatformLifecycle.swift in Sources */,
				7AA6F9A4C8E330551C186F90 /* AppKitLifecycleMonitor.swift in Sources */,
				C5619EDB6EED435B9D855DEA /* UIKitLifecycleMonitor.swift in Sources */,
				2EC989865E832B9E13DCD5F4 /* DisplayHeadroom.swift in Sources */,
				6731217C20065BAB179BED54 /* MetalStreamSurface.swift in Sources */,
				323E4F2BD67A89C67A021D69 /* GameControllerInputAdapter.swift in Sources */,
				FDDCB8C9A43F3B2D6A61E288 /* InputEvents.swift in Sources */,
				E118B51C36F89088F16C11BF /* InputDiagnostics.swift in Sources */,
				655FDF52FC82292CD6CF0A01 /* InputMapper.swift in Sources */,
				4B3298D4C3E56D5F52ED776B /* MacInputAdapter.swift in Sources */,
				42D0D6A1447A495F857D2BE3 /* TVRemoteFocusInputAdapter.swift in Sources */,
				7B6BEA39712C64ADEB30283F /* TouchInputAdapter.swift in Sources */,
				191FDC818059758AF15CB72F /* AudioSessionPipeline.swift in Sources */,
				441BC7D4D6F3439321516A3E /* AudioRouteState.swift in Sources */,
				1CC54099BAEB2B0EB70383B1 /* DiagnosticsStore.swift in Sources */,
				66418B747E66DDB522BD5046 /* HostDiscovery.swift in Sources */,
				28622E70A21C8499F9D180E6 /* AppCatalog.swift in Sources */,
				EEFB62DC61EC0F754114C07E /* HostEndpoint.swift in Sources */,
				E925F1199A69DDBC841BF9D4 /* Pairing.swift in Sources */,
				47FE21B7A6C4DCFC74A2D659 /* ServerInfo.swift in Sources */,
				EAD8446434F86B653BCDDB95 /* StreamNegotiation.swift in Sources */,
				2001C21ADE8E9595ED4395DE /* JSONFileStores.swift in Sources */,
				5CA171E29E89AF03B70FC0E3 /* KeychainClientIdentityStore.swift in Sources */
			); runOnlyForDeploymentPostprocessing = 0; };
		87617E2E33694E4FDE29C6CF /* AppModel.swift in Sources */ = {isa = PBXBuildFile; fileRef = 5A52A473DF63B8343293FC7A /* AppModel.swift */; };
		8F3A23316507D7A90A11E218 /* StreamNegotiation.swift */ = {isa = PBXFileReference; lastKnownFileType = sourcecode.swift; path = "Sources/LuneXNetworking/StreamNegotiation.swift"; sourceTree = "<group>"; };
		91A89A56CD694D32BD707CD9 /* LuneXApp.swift in Sources */ = {isa = PBXBuildFile; fileRef = 77FE925D93939396C8853A8E /* LuneXApp.swift */; };
		924C8DA2F61A43C3704C2771 /* InputEvents.swift in Sources */ = {isa = PBXBuildFile; fileRef = 0A0690E476FD5EEC1BD002B5 /* InputEvents.swift */; };
		936AC5DDAECC9B0866E9A93F /* HostDiscovery.swift in Sources */ = {isa = PBXBuildFile; fileRef = E90B7F5F3E4136E717E7C010 /* HostDiscovery.swift */; };
		9385939EF0E8DA7C2B380B21 /* Release */ = {isa = XCBuildConfiguration; buildSettings = {
				CODE_SIGN_STYLE = "Automatic";
				CURRENT_PROJECT_VERSION = "1";
				DEVELOPMENT_TEAM = "";
				ENABLE_USER_SCRIPT_SANDBOXING = "NO";
				GENERATE_INFOPLIST_FILE = "YES";
				MARKETING_VERSION = "0.1.0";
				PRODUCT_BUNDLE_IDENTIFIER = "dev.lunex.client.coretests";
				PRODUCT_NAME = "$(TARGET_NAME)";
				SDKROOT = "macosx";
				SUPPORTED_PLATFORMS = "macosx";
				SWIFT_OPTIMIZATION_LEVEL = "-O";
				SWIFT_STRICT_CONCURRENCY = "complete";
				SWIFT_VERSION = "6.0";
				WRAPPER_EXTENSION = "xctest";
				MACOSX_DEPLOYMENT_TARGET = "26.0";
			}; name = Release; };
		938BDD632F8585548B3C76DB /* DiscoveryTests.swift */ = {isa = PBXFileReference; lastKnownFileType = sourcecode.swift; path = "Tests/LuneXCoreTests/DiscoveryTests.swift"; sourceTree = "<group>"; };
		951C0C659FE9428E0CA7B123 /* AppSettings.swift in Sources */ = {isa = PBXBuildFile; fileRef = 1F7F3BA9FD46B52A82C6F343 /* AppSettings.swift */; };
		95652392B266E01D7D9C84FD /* StreamNegotiation.swift in Sources */ = {isa = PBXBuildFile; fileRef = 8F3A23316507D7A90A11E218 /* StreamNegotiation.swift */; };
		95C9DE49F2BED263901FCC3C /* PlatformLifecycle.swift in Sources */ = {isa = PBXBuildFile; fileRef = F15909A82EFCA49A5EF857B8 /* PlatformLifecycle.swift */; };
		95FCA7E866C06C3209756F7F /* Debug */ = {isa = XCBuildConfiguration; buildSettings = {
				ASSETCATALOG_COMPILER_GLOBAL_ACCENT_COLOR_NAME = "AccentColor";
				CODE_SIGN_STYLE = "Automatic";
				CURRENT_PROJECT_VERSION = "1";
				DEVELOPMENT_TEAM = "";
				ENABLE_HARDENED_RUNTIME = "YES";
				ENABLE_USER_SCRIPT_SANDBOXING = "NO";
				GENERATE_INFOPLIST_FILE = "YES";
				INFOPLIST_KEY_CFBundleDisplayName = "LuneX";
				INFOPLIST_KEY_NSHumanReadableCopyright = "Copyright © 2026 LuneX.";
				MARKETING_VERSION = "0.1.0";
				PRODUCT_BUNDLE_IDENTIFIER = "dev.lunex.client.macos";
				PRODUCT_NAME = "$(TARGET_NAME)";
				SDKROOT = "macosx";
				SUPPORTED_PLATFORMS = "macosx";
				SWIFT_EMIT_LOC_STRINGS = "YES";
				SWIFT_OPTIMIZATION_LEVEL = "-Onone";
				SWIFT_STRICT_CONCURRENCY = "complete";
				SWIFT_VERSION = "6.0";
				MACOSX_DEPLOYMENT_TARGET = "26.0";
				INFOPLIST_KEY_LSApplicationCategoryType = "public.app-category.games";
			}; name = Debug; };
		97B249D70217EBBA15751AAF /* ClientIdentity.swift */ = {isa = PBXFileReference; lastKnownFileType = sourcecode.swift; path = "Sources/LuneXCore/ClientIdentity.swift"; sourceTree = "<group>"; };
		99653315A9F4B45A05EA9D0B /* HostDiscovery.swift in Sources */ = {isa = PBXBuildFile; fileRef = E90B7F5F3E4136E717E7C010 /* HostDiscovery.swift */; };
		99D1CE46E3A02FEFD83A16D6 /* DiagnosticsStore.swift in Sources */ = {isa = PBXBuildFile; fileRef = 4A246F4717F6EB32340E9480 /* DiagnosticsStore.swift */; };
		99F72C5DB6580F7D7D98C8BD /* Frameworks */ = {isa = PBXFrameworksBuildPhase; buildActionMask = 2147483647; files = (); runOnlyForDeploymentPostprocessing = 0; };
		9A22319E9908017D57D5E5E1 /* DiscoveryTests.swift in Sources */ = {isa = PBXBuildFile; fileRef = 938BDD632F8585548B3C76DB /* DiscoveryTests.swift */; };
		9C861B66313C4DF21D4B16B1 /* HostDiscovery.swift in Sources */ = {isa = PBXBuildFile; fileRef = E90B7F5F3E4136E717E7C010 /* HostDiscovery.swift */; };
		9E777E706BD746A05A169374 /* ControllerAndDiagnosticsTests.swift */ = {isa = PBXFileReference; lastKnownFileType = sourcecode.swift; path = "Tests/LuneXCoreTests/ControllerAndDiagnosticsTests.swift"; sourceTree = "<group>"; };
		9F5F7C4AAE6A679AB865FE5E /* LuneX-visionOS.app */ = {isa = PBXFileReference; explicitFileType = wrapper.application; includeInIndex = 0; path = "LuneX-visionOS.app"; sourceTree = BUILT_PRODUCTS_DIR; };
		9FE44EAA7EA80BFDD7EB12D3 /* PairingStateMachineTests.swift */ = {isa = PBXFileReference; lastKnownFileType = sourcecode.swift; path = "Tests/LuneXCoreTests/PairingStateMachineTests.swift"; sourceTree = "<group>"; };
		A0937472EE5878FA82CB0F7E /* Tests */ = {isa = PBXGroup; children = (
				2ACF9C6C82903CEB2A8E982F /* AppCatalogTests.swift */,
				29601CEF411F6EC4ABEB07B8 /* AudioPipelineTests.swift */,
				9E777E706BD746A05A169374 /* ControllerAndDiagnosticsTests.swift */,
				2D0A723D4D2A55FC6AD152A8 /* ContinuityPolicyTests.swift */,
				938BDD632F8585548B3C76DB /* DiscoveryTests.swift */,
				13F37678462B1A2328169961 /* LifecycleRenderPolicyTests.swift */,
				E109E9620BAF2BA03F793106 /* HostAndPersistenceTests.swift */,
				7D1E779DAD022CD933D8BA24 /* InputAdapterTests.swift */,
				9FE44EAA7EA80BFDD7EB12D3 /* PairingStateMachineTests.swift */,
				E5F4371F9A47B38E2727DCD1 /* StreamNegotiationTests.swift */
			); name = Tests; sourceTree = "<group>"; };
		A11319EF185BB2B85CAC1E57 /* MacInputAdapter.swift in Sources */ = {isa = PBXBuildFile; fileRef = D575889CB3325F0C4CEAE602 /* MacInputAdapter.swift */; };
		A12D89B5B16AA0A305B1F4A0 /* InputDiagnostics.swift in Sources */ = {isa = PBXBuildFile; fileRef = EFBF2FCD8F8F190A2CD96920 /* InputDiagnostics.swift */; };
		A3C464852F3EC9D4F2E283F6 /* PlatformLifecycle.swift in Sources */ = {isa = PBXBuildFile; fileRef = F15909A82EFCA49A5EF857B8 /* PlatformLifecycle.swift */; };
		A5C89241C7D60009271BE1BD /* HostEndpoint.swift in Sources */ = {isa = PBXBuildFile; fileRef = 82820A094B73B5239F4F5C6F /* HostEndpoint.swift */; };
		A67F22941E8920B082B04ADF /* GameControllerInputAdapter.swift in Sources */ = {isa = PBXBuildFile; fileRef = 4FEF42EF73B7621E68B81787 /* GameControllerInputAdapter.swift */; };
		A6E349041994EA416B05890A /* ServerInfo.swift */ = {isa = PBXFileReference; lastKnownFileType = sourcecode.swift; path = "Sources/LuneXNetworking/ServerInfo.swift"; sourceTree = "<group>"; };
		A97D58BABC85A2E6F3E6D0C2 /* PairingStateMachineTests.swift in Sources */ = {isa = PBXBuildFile; fileRef = 9FE44EAA7EA80BFDD7EB12D3 /* PairingStateMachineTests.swift */; };
		A98BAC7E720E34687CF77B2E /* Assets.xcassets in Resources */ = {isa = PBXBuildFile; fileRef = 0DB7571B8334F5E7680A9B20 /* Assets.xcassets */; };
		AAE953452CCD6DDD91445CEA /* Resources */ = {isa = PBXGroup; children = (
				0DB7571B8334F5E7680A9B20 /* Assets.xcassets */
			); name = Resources; sourceTree = "<group>"; };
		AB2F7B0256B25B107E605AE5 /* MacInputAdapter.swift in Sources */ = {isa = PBXBuildFile; fileRef = D575889CB3325F0C4CEAE602 /* MacInputAdapter.swift */; };
		AC349F5B341540E611AB734B /* DiagnosticsStore.swift in Sources */ = {isa = PBXBuildFile; fileRef = 4A246F4717F6EB32340E9480 /* DiagnosticsStore.swift */; };
		ACB2C2E6A74F15E4D8F85B08 /* MetalStreamSurface.swift in Sources */ = {isa = PBXBuildFile; fileRef = 6F49F3FF738DFF569AC19BFF /* MetalStreamSurface.swift */; };
		AE201EA99E5805E63FE9E765 /* Pairing.swift in Sources */ = {isa = PBXBuildFile; fileRef = C4E264A3CED5E104C8FC807B /* Pairing.swift */; };
		B459B6C3ED1F4533FDF74D23 /* InputDiagnostics.swift in Sources */ = {isa = PBXBuildFile; fileRef = EFBF2FCD8F8F190A2CD96920 /* InputDiagnostics.swift */; };
		B4D495670852ADB187BC96EB /* Release */ = {isa = XCBuildConfiguration; buildSettings = {
				ASSETCATALOG_COMPILER_GLOBAL_ACCENT_COLOR_NAME = "AccentColor";
				CODE_SIGN_STYLE = "Automatic";
				CURRENT_PROJECT_VERSION = "1";
				DEVELOPMENT_TEAM = "";
				ENABLE_HARDENED_RUNTIME = "YES";
				ENABLE_USER_SCRIPT_SANDBOXING = "NO";
				GENERATE_INFOPLIST_FILE = "YES";
				INFOPLIST_KEY_CFBundleDisplayName = "LuneX";
				INFOPLIST_KEY_NSHumanReadableCopyright = "Copyright © 2026 LuneX.";
				MARKETING_VERSION = "0.1.0";
				PRODUCT_BUNDLE_IDENTIFIER = "dev.lunex.client.visionos";
				PRODUCT_NAME = "$(TARGET_NAME)";
				SDKROOT = "xros";
				SUPPORTED_PLATFORMS = "xros xrsimulator";
				SWIFT_EMIT_LOC_STRINGS = "YES";
				SWIFT_OPTIMIZATION_LEVEL = "-O";
				SWIFT_STRICT_CONCURRENCY = "complete";
				SWIFT_VERSION = "6.0";
				XROS_DEPLOYMENT_TARGET = "26.0";
				TARGETED_DEVICE_FAMILY = "7";
				INFOPLIST_KEY_UIBackgroundModes = "audio";
			}; name = Release; };
		B545480E72B7EDD648FA8DB7 /* PlatformLifecycle.swift in Sources */ = {isa = PBXBuildFile; fileRef = F15909A82EFCA49A5EF857B8 /* PlatformLifecycle.swift */; };
		B54E157C6D5AE9E834114317 /* LifecycleRenderPolicyTests.swift in Sources */ = {isa = PBXBuildFile; fileRef = 13F37678462B1A2328169961 /* LifecycleRenderPolicyTests.swift */; };
		B5AD4050462EA1A4C3821D27 /* AudioPipelineTests.swift in Sources */ = {isa = PBXBuildFile; fileRef = 29601CEF411F6EC4ABEB07B8 /* AudioPipelineTests.swift */; };
		B5EC264AB1E9B0C9158E259C /* ClientIdentity.swift in Sources */ = {isa = PBXBuildFile; fileRef = 97B249D70217EBBA15751AAF /* ClientIdentity.swift */; };
		B601B7590C059F6B675A3852 /* InputDiagnostics.swift in Sources */ = {isa = PBXBuildFile; fileRef = EFBF2FCD8F8F190A2CD96920 /* InputDiagnostics.swift */; };
		B69F2CEAF853881227B884CB /* GameControllerInputAdapter.swift in Sources */ = {isa = PBXBuildFile; fileRef = 4FEF42EF73B7621E68B81787 /* GameControllerInputAdapter.swift */; };
		B744671D7E21B14B8E60A98E /* AudioRouteState.swift in Sources */ = {isa = PBXBuildFile; fileRef = 3EF039666FCCB2021028835D /* AudioRouteState.swift */; };
		B89160B88498A95454FBDFEE /* Resources */ = {isa = PBXResourcesBuildPhase; buildActionMask = 2147483647; files = (
				EDD11DE10B74C5014D7140F8 /* Assets.xcassets in Resources */
			); runOnlyForDeploymentPostprocessing = 0; };
		B8F9EB9BE31AF4E0571170C9 /* LuneXCoreTests */ = {isa = PBXNativeTarget; buildConfigurationList = 6E1D29B5977A529005675A4C /* Build configuration list for LuneXCoreTests */; buildPhases = (62CD86A6609B3B279A387A1F /* Sources */, C074C5FC2CA67383E73B761C /* Frameworks */); buildRules = (); dependencies = (); name = "LuneXCoreTests"; productName = "LuneXCoreTests"; productReference = D76541BC2CB99720732B8F10 /* LuneXCoreTests.xctest */; productType = "com.apple.product-type.bundle.unit-test"; };
		B9730359FDCF81D81487CF89 /* AppSettings.swift in Sources */ = {isa = PBXBuildFile; fileRef = 1F7F3BA9FD46B52A82C6F343 /* AppSettings.swift */; };
		BA7EEBEFE8AFD2B10C20C345 /* Resources */ = {isa = PBXResourcesBuildPhase; buildActionMask = 2147483647; files = (
				A98BAC7E720E34687CF77B2E /* Assets.xcassets in Resources */
			); runOnlyForDeploymentPostprocessing = 0; };
		BDD3FBDA64829560F425C42C /* Models.swift in Sources */ = {isa = PBXBuildFile; fileRef = E750CEB84733E203CA3E6E48 /* Models.swift */; };
		BE0126CD73E6B26C08676EFF /* Resources */ = {isa = PBXResourcesBuildPhase; buildActionMask = 2147483647; files = (
				1877C00243EF3A9C0C2F8F8E /* Assets.xcassets in Resources */
			); runOnlyForDeploymentPostprocessing = 0; };
		BE56A1032EA2BF2DCF72F321 /* RootView.swift */ = {isa = PBXFileReference; lastKnownFileType = sourcecode.swift; path = "Sources/LuneXApp/RootView.swift"; sourceTree = "<group>"; };
		BEC37FA319210002E45EEBEC /* StreamNegotiationTests.swift in Sources */ = {isa = PBXBuildFile; fileRef = E5F4371F9A47B38E2727DCD1 /* StreamNegotiationTests.swift */; };
		C074C5FC2CA67383E73B761C /* Frameworks */ = {isa = PBXFrameworksBuildPhase; buildActionMask = 2147483647; files = (); runOnlyForDeploymentPostprocessing = 0; };
		C0A1A2F7BDC9DFE181BBCBEF /* JSONFileStores.swift in Sources */ = {isa = PBXBuildFile; fileRef = F40C12A13C92959C12D0E4D5 /* JSONFileStores.swift */; };
		C178F47B546699EC4C186CF4 /* AudioSessionPipeline.swift in Sources */ = {isa = PBXBuildFile; fileRef = 280BF630B563071BFE6CBFF6 /* AudioSessionPipeline.swift */; };
		C28449456A5A705A7479770B /* Release */ = {isa = XCBuildConfiguration; buildSettings = {ALWAYS_SEARCH_USER_PATHS = NO; CLANG_ENABLE_MODULES = YES; CODE_SIGN_STYLE = Automatic; ENABLE_USER_SCRIPT_SANDBOXING = NO; GCC_NO_COMMON_BLOCKS = YES; SWIFT_OPTIMIZATION_LEVEL = -O; SWIFT_VERSION = 6.0; DEBUG_INFORMATION_FORMAT = dwarf; ONLY_ACTIVE_ARCH = NO;}; name = Release; };
		C45FCEA0C35E538EC6AFF71B /* DisplayHeadroom.swift in Sources */ = {isa = PBXBuildFile; fileRef = 863690481A7841758650A20A /* DisplayHeadroom.swift */; };
		C4E264A3CED5E104C8FC807B /* Pairing.swift */ = {isa = PBXFileReference; lastKnownFileType = sourcecode.swift; path = "Sources/LuneXNetworking/Pairing.swift"; sourceTree = "<group>"; };
		C5619EDB6EED435B9D855DEA /* UIKitLifecycleMonitor.swift in Sources */ = {isa = PBXBuildFile; fileRef = CB925F3538A7E31454660A8B /* UIKitLifecycleMonitor.swift */; };
		C569DFBBCDD9ED7115646CC2 /* DiagnosticsStore.swift in Sources */ = {isa = PBXBuildFile; fileRef = 4A246F4717F6EB32340E9480 /* DiagnosticsStore.swift */; };
		C655E0F213392D647EEB705C /* ServerInfo.swift in Sources */ = {isa = PBXBuildFile; fileRef = A6E349041994EA416B05890A /* ServerInfo.swift */; };
		C7BA81230C2E426B7859E0DF /* ControllerAndDiagnosticsTests.swift in Sources */ = {isa = PBXBuildFile; fileRef = 9E777E706BD746A05A169374 /* ControllerAndDiagnosticsTests.swift */; };
		C96A071634C7A6A6E63C651F /* AudioRouteState.swift in Sources */ = {isa = PBXBuildFile; fileRef = 3EF039666FCCB2021028835D /* AudioRouteState.swift */; };
		C994DB7F13DDBA251D06AA0D /* InputEvents.swift in Sources */ = {isa = PBXBuildFile; fileRef = 0A0690E476FD5EEC1BD002B5 /* InputEvents.swift */; };
		CAB3AF3CEA282C5D459AE7DA /* Build configuration list for LuneX-macOS */ = {isa = XCConfigurationList; buildConfigurations = (95FCA7E866C06C3209756F7F /* Debug */, F60F94A75308D32AD4AC9B15 /* Release */); defaultConfigurationIsVisible = 0; defaultConfigurationName = Release; };
		CB0F6C5CB6DF2843C71283CB /* AppCatalog.swift */ = {isa = PBXFileReference; lastKnownFileType = sourcecode.swift; path = "Sources/LuneXNetworking/AppCatalog.swift"; sourceTree = "<group>"; };
		CB28E6EF9E7A89FF16EB069C /* ContinuityPolicy.swift in Sources */ = {isa = PBXBuildFile; fileRef = 8557773DAB04C6CEEF7128A6 /* ContinuityPolicy.swift */; };
		CB8CCA668D7435712B409156 /* AppKitLifecycleMonitor.swift */ = {isa = PBXFileReference; lastKnownFileType = sourcecode.swift; path = "Sources/LuneXPlatform/AppKitLifecycleMonitor.swift"; sourceTree = "<group>"; };
		CB925F3538A7E31454660A8B /* UIKitLifecycleMonitor.swift */ = {isa = PBXFileReference; lastKnownFileType = sourcecode.swift; path = "Sources/LuneXPlatform/UIKitLifecycleMonitor.swift"; sourceTree = "<group>"; };
		CC23BDB54A1C393ABD5E01F9 /* SessionState.swift in Sources */ = {isa = PBXBuildFile; fileRef = F6B08151BEDFF41608DB8852 /* SessionState.swift */; };
		CEDC8ED47CF018CD0F3F5A56 /* TouchInputAdapter.swift in Sources */ = {isa = PBXBuildFile; fileRef = D4CF4EEFA619027CF8209EA4 /* TouchInputAdapter.swift */; };
		CF6C4861E915DE66E95360AD /* MacInputAdapter.swift in Sources */ = {isa = PBXBuildFile; fileRef = D575889CB3325F0C4CEAE602 /* MacInputAdapter.swift */; };
		CF80BD5D3C0A0E94467A5E1A /* Frameworks */ = {isa = PBXFrameworksBuildPhase; buildActionMask = 2147483647; files = (); runOnlyForDeploymentPostprocessing = 0; };
		D075909FB29E44F761D39056 /* Debug */ = {isa = XCBuildConfiguration; buildSettings = {
				ASSETCATALOG_COMPILER_GLOBAL_ACCENT_COLOR_NAME = "AccentColor";
				CODE_SIGN_STYLE = "Automatic";
				CURRENT_PROJECT_VERSION = "1";
				DEVELOPMENT_TEAM = "";
				ENABLE_HARDENED_RUNTIME = "YES";
				ENABLE_USER_SCRIPT_SANDBOXING = "NO";
				GENERATE_INFOPLIST_FILE = "YES";
				INFOPLIST_KEY_CFBundleDisplayName = "LuneX";
				INFOPLIST_KEY_NSHumanReadableCopyright = "Copyright © 2026 LuneX.";
				MARKETING_VERSION = "0.1.0";
				PRODUCT_BUNDLE_IDENTIFIER = "dev.lunex.client.ios";
				PRODUCT_NAME = "$(TARGET_NAME)";
				SDKROOT = "iphoneos";
				SUPPORTED_PLATFORMS = "iphoneos iphonesimulator";
				SWIFT_EMIT_LOC_STRINGS = "YES";
				SWIFT_OPTIMIZATION_LEVEL = "-Onone";
				SWIFT_STRICT_CONCURRENCY = "complete";
				SWIFT_VERSION = "6.0";
				IPHONEOS_DEPLOYMENT_TARGET = "26.0";
				TARGETED_DEVICE_FAMILY = "1,2";
				INFOPLIST_KEY_UIBackgroundModes = "audio";
				INFOPLIST_KEY_UISupportedInterfaceOrientations_iPhone = "UIInterfaceOrientationPortrait UIInterfaceOrientationLandscapeLeft UIInterfaceOrientationLandscapeRight";
				INFOPLIST_KEY_UISupportedInterfaceOrientations_iPad = "UIInterfaceOrientationPortrait UIInterfaceOrientationPortraitUpsideDown UIInterfaceOrientationLandscapeLeft UIInterfaceOrientationLandscapeRight";
			}; name = Debug; };
		D4CF4EEFA619027CF8209EA4 /* TouchInputAdapter.swift */ = {isa = PBXFileReference; lastKnownFileType = sourcecode.swift; path = "Sources/LuneXInput/TouchInputAdapter.swift"; sourceTree = "<group>"; };
		D515373AF432ACDBB07CBCE5 /* JSONFileStores.swift in Sources */ = {isa = PBXBuildFile; fileRef = F40C12A13C92959C12D0E4D5 /* JSONFileStores.swift */; };
		D575889CB3325F0C4CEAE602 /* MacInputAdapter.swift */ = {isa = PBXFileReference; lastKnownFileType = sourcecode.swift; path = "Sources/LuneXInput/MacInputAdapter.swift"; sourceTree = "<group>"; };
		D747B6E1D4385A59D6CA07BB /* InputMapper.swift in Sources */ = {isa = PBXBuildFile; fileRef = 34D24A0912E7D927AEB04D7E /* InputMapper.swift */; };
		D76541BC2CB99720732B8F10 /* LuneXCoreTests.xctest */ = {isa = PBXFileReference; explicitFileType = wrapper.cfbundle; includeInIndex = 0; path = "LuneXCoreTests.xctest"; sourceTree = BUILT_PRODUCTS_DIR; };
		D7E37AC044EED0F2CA68A0E0 /* StreamNegotiation.swift in Sources */ = {isa = PBXBuildFile; fileRef = 8F3A23316507D7A90A11E218 /* StreamNegotiation.swift */; };
		D89071682C0FF797FEDA8255 /* InputMapper.swift in Sources */ = {isa = PBXBuildFile; fileRef = 34D24A0912E7D927AEB04D7E /* InputMapper.swift */; };
		DA5F0215FF24D4402D11058F /* AppCatalog.swift in Sources */ = {isa = PBXBuildFile; fileRef = CB0F6C5CB6DF2843C71283CB /* AppCatalog.swift */; };
		DB7F9A269296D006BD951D51 /* AudioRouteState.swift in Sources */ = {isa = PBXBuildFile; fileRef = 3EF039666FCCB2021028835D /* AudioRouteState.swift */; };
		DD789FA5FE8C125185872F0A /* InputAdapterTests.swift in Sources */ = {isa = PBXBuildFile; fileRef = 7D1E779DAD022CD933D8BA24 /* InputAdapterTests.swift */; };
		DF90F7964A51726BC20FC070 /* RootView.swift in Sources */ = {isa = PBXBuildFile; fileRef = BE56A1032EA2BF2DCF72F321 /* RootView.swift */; };
		E094A6B170094EFB8E98C64E /* HostLibrary.swift in Sources */ = {isa = PBXBuildFile; fileRef = 2220525EC17385E564247B74 /* HostLibrary.swift */; };
		E109E9620BAF2BA03F793106 /* HostAndPersistenceTests.swift */ = {isa = PBXFileReference; lastKnownFileType = sourcecode.swift; path = "Tests/LuneXCoreTests/HostAndPersistenceTests.swift"; sourceTree = "<group>"; };
		E118B51C36F89088F16C11BF /* InputDiagnostics.swift in Sources */ = {isa = PBXBuildFile; fileRef = EFBF2FCD8F8F190A2CD96920 /* InputDiagnostics.swift */; };
		E1862A01B9DF3E5C21EB7CD5 /* AudioSessionPipeline.swift in Sources */ = {isa = PBXBuildFile; fileRef = 280BF630B563071BFE6CBFF6 /* AudioSessionPipeline.swift */; };
		E48CBE2A7F00F84548F195DC /* ContinuityPolicy.swift in Sources */ = {isa = PBXBuildFile; fileRef = 8557773DAB04C6CEEF7128A6 /* ContinuityPolicy.swift */; };
		E5F4371F9A47B38E2727DCD1 /* StreamNegotiationTests.swift */ = {isa = PBXFileReference; lastKnownFileType = sourcecode.swift; path = "Tests/LuneXCoreTests/StreamNegotiationTests.swift"; sourceTree = "<group>"; };
		E60983968E906437AC65698E /* Build configuration list for LuneX-iOS */ = {isa = XCConfigurationList; buildConfigurations = (D075909FB29E44F761D39056 /* Debug */, 505783E49A0A9D900331A4A9 /* Release */); defaultConfigurationIsVisible = 0; defaultConfigurationName = Release; };
		E65E4F08101FA02275D810C7 /* ClientIdentity.swift in Sources */ = {isa = PBXBuildFile; fileRef = 97B249D70217EBBA15751AAF /* ClientIdentity.swift */; };
		E750CEB84733E203CA3E6E48 /* Models.swift */ = {isa = PBXFileReference; lastKnownFileType = sourcecode.swift; path = "Sources/LuneXCore/Models.swift"; sourceTree = "<group>"; };
		E7A621A2C35DAA66E8DD0A24 /* MetalStreamSurface.swift in Sources */ = {isa = PBXBuildFile; fileRef = 6F49F3FF738DFF569AC19BFF /* MetalStreamSurface.swift */; };
		E7C68A141C49CAC87CF1B9AF /* PlatformLifecycle.swift in Sources */ = {isa = PBXBuildFile; fileRef = F15909A82EFCA49A5EF857B8 /* PlatformLifecycle.swift */; };
		E7CA5C07D4789409605B8EE0 /* AppCatalogTests.swift in Sources */ = {isa = PBXBuildFile; fileRef = 2ACF9C6C82903CEB2A8E982F /* AppCatalogTests.swift */; };
		E90B7F5F3E4136E717E7C010 /* HostDiscovery.swift */ = {isa = PBXFileReference; lastKnownFileType = sourcecode.swift; path = "Sources/LuneXNetworking/HostDiscovery.swift"; sourceTree = "<group>"; };
		E925F1199A69DDBC841BF9D4 /* Pairing.swift in Sources */ = {isa = PBXBuildFile; fileRef = C4E264A3CED5E104C8FC807B /* Pairing.swift */; };
		EA48BCED98C3AD80ED754905 /* AudioSessionPipeline.swift in Sources */ = {isa = PBXBuildFile; fileRef = 280BF630B563071BFE6CBFF6 /* AudioSessionPipeline.swift */; };
		EAD8446434F86B653BCDDB95 /* StreamNegotiation.swift in Sources */ = {isa = PBXBuildFile; fileRef = 8F3A23316507D7A90A11E218 /* StreamNegotiation.swift */; };
		EAE72094F979FE7E7416961F /* SessionState.swift in Sources */ = {isa = PBXBuildFile; fileRef = F6B08151BEDFF41608DB8852 /* SessionState.swift */; };
		EDD11DE10B74C5014D7140F8 /* Assets.xcassets in Resources */ = {isa = PBXBuildFile; fileRef = 0DB7571B8334F5E7680A9B20 /* Assets.xcassets */; };
		EE113BB7483723D6DD61000C /* Release */ = {isa = XCBuildConfiguration; buildSettings = {
				ASSETCATALOG_COMPILER_GLOBAL_ACCENT_COLOR_NAME = "AccentColor";
				CODE_SIGN_STYLE = "Automatic";
				CURRENT_PROJECT_VERSION = "1";
				DEVELOPMENT_TEAM = "";
				ENABLE_HARDENED_RUNTIME = "YES";
				ENABLE_USER_SCRIPT_SANDBOXING = "NO";
				GENERATE_INFOPLIST_FILE = "YES";
				INFOPLIST_KEY_CFBundleDisplayName = "LuneX";
				INFOPLIST_KEY_NSHumanReadableCopyright = "Copyright © 2026 LuneX.";
				MARKETING_VERSION = "0.1.0";
				PRODUCT_BUNDLE_IDENTIFIER = "dev.lunex.client.tvos";
				PRODUCT_NAME = "$(TARGET_NAME)";
				SDKROOT = "appletvos";
				SUPPORTED_PLATFORMS = "appletvos appletvsimulator";
				SWIFT_EMIT_LOC_STRINGS = "YES";
				SWIFT_OPTIMIZATION_LEVEL = "-O";
				SWIFT_STRICT_CONCURRENCY = "complete";
				SWIFT_VERSION = "6.0";
				TVOS_DEPLOYMENT_TARGET = "26.0";
				TARGETED_DEVICE_FAMILY = "3";
				INFOPLIST_KEY_UIBackgroundModes = "audio";
			}; name = Release; };
		EE25BBB09C926202AB9A992D /* StreamNegotiation.swift in Sources */ = {isa = PBXBuildFile; fileRef = 8F3A23316507D7A90A11E218 /* StreamNegotiation.swift */; };
		EEFB62DC61EC0F754114C07E /* HostEndpoint.swift in Sources */ = {isa = PBXBuildFile; fileRef = 82820A094B73B5239F4F5C6F /* HostEndpoint.swift */; };
		EFBF2FCD8F8F190A2CD96920 /* InputDiagnostics.swift */ = {isa = PBXFileReference; lastKnownFileType = sourcecode.swift; path = "Sources/LuneXInput/InputDiagnostics.swift"; sourceTree = "<group>"; };
		F06598331012C73833FFB82B /* KeychainClientIdentityStore.swift in Sources */ = {isa = PBXBuildFile; fileRef = 6427B28229BB89A8E2F6B014 /* KeychainClientIdentityStore.swift */; };
		F125D3176FDBF769056F50F1 /* KeychainClientIdentityStore.swift in Sources */ = {isa = PBXBuildFile; fileRef = 6427B28229BB89A8E2F6B014 /* KeychainClientIdentityStore.swift */; };
		F15909A82EFCA49A5EF857B8 /* PlatformLifecycle.swift */ = {isa = PBXFileReference; lastKnownFileType = sourcecode.swift; path = "Sources/LuneXPlatform/PlatformLifecycle.swift"; sourceTree = "<group>"; };
		F353164B5988943E97D33BF4 /* SessionState.swift in Sources */ = {isa = PBXBuildFile; fileRef = F6B08151BEDFF41608DB8852 /* SessionState.swift */; };
		F386E16A415C41DA99D71C67 /* ContinuityPolicy.swift in Sources */ = {isa = PBXBuildFile; fileRef = 8557773DAB04C6CEEF7128A6 /* ContinuityPolicy.swift */; };
		F398A5547E3E4E609D85DBAD /* Sources */ = {isa = PBXSourcesBuildPhase; buildActionMask = 2147483647; files = (
				F7C4B414F888CA339F57BEE9 /* LuneXApp.swift in Sources */,
				DF90F7964A51726BC20FC070 /* RootView.swift in Sources */,
				0AAED94A904742324D2F3981 /* AppModel.swift in Sources */,
				86812B849941DBEA8E1C5720 /* AppSettings.swift in Sources */,
				5F30E763D9AE5D2A7C3216A5 /* ClientIdentity.swift in Sources */,
				10387BC44480BADEDFF3ADE4 /* HostLibrary.swift in Sources */,
				703151C5A088892773AB1F47 /* Models.swift in Sources */,
				FC75DAD852DDC7F8B3803C94 /* SessionState.swift in Sources */,
				F386E16A415C41DA99D71C67 /* ContinuityPolicy.swift in Sources */,
				09930649637843C32301218C /* PlatformLifecycle.swift in Sources */,
				20BE6E6A77E0B9ED3426DC00 /* AppKitLifecycleMonitor.swift in Sources */,
				15B8E7597BC64E3F76BBA1A6 /* UIKitLifecycleMonitor.swift in Sources */,
				436361201BAF89C73D446E90 /* DisplayHeadroom.swift in Sources */,
				E7A621A2C35DAA66E8DD0A24 /* MetalStreamSurface.swift in Sources */,
				A67F22941E8920B082B04ADF /* GameControllerInputAdapter.swift in Sources */,
				4D01F1AFD08EF95771D6169C /* InputEvents.swift in Sources */,
				B459B6C3ED1F4533FDF74D23 /* InputDiagnostics.swift in Sources */,
				D747B6E1D4385A59D6CA07BB /* InputMapper.swift in Sources */,
				CF6C4861E915DE66E95360AD /* MacInputAdapter.swift in Sources */,
				670E657BBBC675F9D14F3296 /* TVRemoteFocusInputAdapter.swift in Sources */,
				23C944B7F6935AE80E901F50 /* TouchInputAdapter.swift in Sources */,
				E1862A01B9DF3E5C21EB7CD5 /* AudioSessionPipeline.swift in Sources */,
				B744671D7E21B14B8E60A98E /* AudioRouteState.swift in Sources */,
				C569DFBBCDD9ED7115646CC2 /* DiagnosticsStore.swift in Sources */,
				9C861B66313C4DF21D4B16B1 /* HostDiscovery.swift in Sources */,
				F71196955AD0FC993B606BCB /* AppCatalog.swift in Sources */,
				0224014AC3B894A20BCB2673 /* HostEndpoint.swift in Sources */,
				AE201EA99E5805E63FE9E765 /* Pairing.swift in Sources */,
				32CE222BD6A648D8BB0834BD /* ServerInfo.swift in Sources */,
				D7E37AC044EED0F2CA68A0E0 /* StreamNegotiation.swift in Sources */,
				18F3663B971C24530C1CF1EC /* JSONFileStores.swift in Sources */,
				60B0BC7E6D2A38A166826089 /* KeychainClientIdentityStore.swift in Sources */
			); runOnlyForDeploymentPostprocessing = 0; };
		F40C12A13C92959C12D0E4D5 /* JSONFileStores.swift */ = {isa = PBXFileReference; lastKnownFileType = sourcecode.swift; path = "Sources/LuneXPersistence/JSONFileStores.swift"; sourceTree = "<group>"; };
		F60F94A75308D32AD4AC9B15 /* Release */ = {isa = XCBuildConfiguration; buildSettings = {
				ASSETCATALOG_COMPILER_GLOBAL_ACCENT_COLOR_NAME = "AccentColor";
				CODE_SIGN_STYLE = "Automatic";
				CURRENT_PROJECT_VERSION = "1";
				DEVELOPMENT_TEAM = "";
				ENABLE_HARDENED_RUNTIME = "YES";
				ENABLE_USER_SCRIPT_SANDBOXING = "NO";
				GENERATE_INFOPLIST_FILE = "YES";
				INFOPLIST_KEY_CFBundleDisplayName = "LuneX";
				INFOPLIST_KEY_NSHumanReadableCopyright = "Copyright © 2026 LuneX.";
				MARKETING_VERSION = "0.1.0";
				PRODUCT_BUNDLE_IDENTIFIER = "dev.lunex.client.macos";
				PRODUCT_NAME = "$(TARGET_NAME)";
				SDKROOT = "macosx";
				SUPPORTED_PLATFORMS = "macosx";
				SWIFT_EMIT_LOC_STRINGS = "YES";
				SWIFT_OPTIMIZATION_LEVEL = "-O";
				SWIFT_STRICT_CONCURRENCY = "complete";
				SWIFT_VERSION = "6.0";
				MACOSX_DEPLOYMENT_TARGET = "26.0";
				INFOPLIST_KEY_LSApplicationCategoryType = "public.app-category.games";
			}; name = Release; };
		F6B08151BEDFF41608DB8852 /* SessionState.swift */ = {isa = PBXFileReference; lastKnownFileType = sourcecode.swift; path = "Sources/LuneXCore/SessionState.swift"; sourceTree = "<group>"; };
		F71196955AD0FC993B606BCB /* AppCatalog.swift in Sources */ = {isa = PBXBuildFile; fileRef = CB0F6C5CB6DF2843C71283CB /* AppCatalog.swift */; };
		F780B06016984AB1F8C8AE63 /* Pairing.swift in Sources */ = {isa = PBXBuildFile; fileRef = C4E264A3CED5E104C8FC807B /* Pairing.swift */; };
		F7C4B414F888CA339F57BEE9 /* LuneXApp.swift in Sources */ = {isa = PBXBuildFile; fileRef = 77FE925D93939396C8853A8E /* LuneXApp.swift */; };
		F866A09D32829EAE7F324D20 /* Models.swift in Sources */ = {isa = PBXBuildFile; fileRef = E750CEB84733E203CA3E6E48 /* Models.swift */; };
		F918C2FC6D7322A820D44F6D /* Debug */ = {isa = XCBuildConfiguration; buildSettings = {
				ASSETCATALOG_COMPILER_GLOBAL_ACCENT_COLOR_NAME = "AccentColor";
				CODE_SIGN_STYLE = "Automatic";
				CURRENT_PROJECT_VERSION = "1";
				DEVELOPMENT_TEAM = "";
				ENABLE_HARDENED_RUNTIME = "YES";
				ENABLE_USER_SCRIPT_SANDBOXING = "NO";
				GENERATE_INFOPLIST_FILE = "YES";
				INFOPLIST_KEY_CFBundleDisplayName = "LuneX";
				INFOPLIST_KEY_NSHumanReadableCopyright = "Copyright © 2026 LuneX.";
				MARKETING_VERSION = "0.1.0";
				PRODUCT_BUNDLE_IDENTIFIER = "dev.lunex.client.visionos";
				PRODUCT_NAME = "$(TARGET_NAME)";
				SDKROOT = "xros";
				SUPPORTED_PLATFORMS = "xros xrsimulator";
				SWIFT_EMIT_LOC_STRINGS = "YES";
				SWIFT_OPTIMIZATION_LEVEL = "-Onone";
				SWIFT_STRICT_CONCURRENCY = "complete";
				SWIFT_VERSION = "6.0";
				XROS_DEPLOYMENT_TARGET = "26.0";
				TARGETED_DEVICE_FAMILY = "7";
				INFOPLIST_KEY_UIBackgroundModes = "audio";
			}; name = Debug; };
		F9742610154D45B4E260C7D5 /* AppCatalog.swift in Sources */ = {isa = PBXBuildFile; fileRef = CB0F6C5CB6DF2843C71283CB /* AppCatalog.swift */; };
		FC0C54D990685ABD1903CDCF /* HostAndPersistenceTests.swift in Sources */ = {isa = PBXBuildFile; fileRef = E109E9620BAF2BA03F793106 /* HostAndPersistenceTests.swift */; };
		FC75DAD852DDC7F8B3803C94 /* SessionState.swift in Sources */ = {isa = PBXBuildFile; fileRef = F6B08151BEDFF41608DB8852 /* SessionState.swift */; };
		FDDCB8C9A43F3B2D6A61E288 /* InputEvents.swift in Sources */ = {isa = PBXBuildFile; fileRef = 0A0690E476FD5EEC1BD002B5 /* InputEvents.swift */; };
		FEFC175E7A54E68CF8F4FD21 /* Models.swift in Sources */ = {isa = PBXBuildFile; fileRef = E750CEB84733E203CA3E6E48 /* Models.swift */; };
  };
  rootObject = 46F86FAA6BBF9AC94A7E4595 /* Project object */;
}
